version = 1
requires-python = ">=3.11"
resolution-markers = [
    /* Lines omitted */
]

[[package]]
name = "altair"
version = "5.5.0"
source = { registry = "https://pypi.org/simple" }
dependencies = [
    /* Lines omitted */
]
sdist = { url = "https://files.pythonhosted.org/packages/16/b1/f2969c7bdb8ad8bbdda031687defdce2c19afba2aa2c8e1d2a17f78376d8/altair-5.5.0.tar.gz", hash = "sha256:d960ebe6178c56de3855a68c47b516be38640b73fb3b5111c2a9ca90546dd73d", size = 705305 }
wheels = [
    /* Lines omitted */
]

[[package]]
name = "attrs"
version = "25.3.0"
source = { registry = "https://pypi.org/simple" }
sdist = { url = "https://files.pythonhosted.org/packages/5a/b0/1367933a8532ee6ff8d63537de4f1177af4bff9f3e829baf7331f595bb24/attrs-25.3.0.tar.gz", hash = "sha256:75d7cefc7fb576747b2c81b4442d4d4a1ce0900973527c011d1030fd3bf4af1b", size = 812032 }
wheels = [
    /* Lines omitted */
]

[[package]]
name = "blinker"
version = "1.9.0"
source = { registry = "https://pypi.org/simple" }
sdist = { url = "https://files.pythonhosted.org/packages/21/28/9b3f50ce0e048515135495f198351908d99540d69bfdc8c1d15b73dc55ce/blinker-1.9.0.tar.gz", hash = "sha256:b4ce2265a7abece45e7cc896e98dbebe6cead56bcf805a3d23136d145f5445bf1", size = 22460 }
wheels = [
    /* Lines omitted */
]

/* ...rest of lockfile omitted for brevity... */
